// !$*UTF8*$!
{
	archiveVersion = 1;
	classes = {
	};
	objectVersion = 46;
	objects = {

/* Begin PBXBuildFile section */
		51DEFC81BEBB011F20D3B78E /* Pods_RxPhotoViewer.framework in Frameworks */ = {isa = PBXBuildFile; fileRef = 15200A0BBA96D126DF6C1656 /* Pods_RxPhotoViewer.framework */; };
		A30A76E31F499E3100287FC2 /* AppDelegate.swift in Sources */ = {isa = PBXBuildFile; fileRef = A30A76E21F499E3100287FC2 /* AppDelegate.swift */; };
		A30A76E81F499E3100287FC2 /* Main.storyboard in Resources */ = {isa = PBXBuildFile; fileRef = A30A76E61F499E3100287FC2 /* Main.storyboard */; };
		A30A76EA1F499E3100287FC2 /* Assets.xcassets in Resources */ = {isa = PBXBuildFile; fileRef = A30A76E91F499E3100287FC2 /* Assets.xcassets */; };
		A30A76ED1F499E3100287FC2 /* LaunchScreen.storyboard in Resources */ = {isa = PBXBuildFile; fileRef = A30A76EB1F499E3100287FC2 /* LaunchScreen.storyboard */; };
		A30A76F81F499E3100287FC2 /* RxPhotoViewerTests.swift in Sources */ = {isa = PBXBuildFile; fileRef = A30A76F71F499E3100287FC2 /* RxPhotoViewerTests.swift */; };
		A30A77031F499E3100287FC2 /* RxPhotoViewerUITests.swift in Sources */ = {isa = PBXBuildFile; fileRef = A30A77021F499E3100287FC2 /* RxPhotoViewerUITests.swift */; };
		A3DBA7361F49B4EF0081719E /* RxViewController.swift in Sources */ = {isa = PBXBuildFile; fileRef = A3DBA7341F49B4EF0081719E /* RxViewController.swift */; };
		A3DBA7371F49B4EF0081719E /* RxViewController.swift in Sources */ = {isa = PBXBuildFile; fileRef = A3DBA7341F49B4EF0081719E /* RxViewController.swift */; };
		A3DBA7381F49B4EF0081719E /* RxPhotoWriter.swift in Sources */ = {isa = PBXBuildFile; fileRef = A3DBA7351F49B4EF0081719E /* RxPhotoWriter.swift */; };
		A3DBA7391F49B4EF0081719E /* RxPhotoWriter.swift in Sources */ = {isa = PBXBuildFile; fileRef = A3DBA7351F49B4EF0081719E /* RxPhotoWriter.swift */; };
		A3DBA73B1F49B5760081719E /* RxPhotoCollectionViewController.swift in Sources */ = {isa = PBXBuildFile; fileRef = A3DBA73A1F49B5760081719E /* RxPhotoCollectionViewController.swift */; };
		A3DBA73C1F49B5760081719E /* RxPhotoCollectionViewController.swift in Sources */ = {isa = PBXBuildFile; fileRef = A3DBA73A1F49B5760081719E /* RxPhotoCollectionViewController.swift */; };
		A3DBA73E1F49B5BC0081719E /* PHPhotoLibrary+rx.swift in Sources */ = {isa = PBXBuildFile; fileRef = A3DBA73D1F49B5BC0081719E /* PHPhotoLibrary+rx.swift */; };
		A3DBA73F1F49B5BC0081719E /* PHPhotoLibrary+rx.swift in Sources */ = {isa = PBXBuildFile; fileRef = A3DBA73D1F49B5BC0081719E /* PHPhotoLibrary+rx.swift */; };
		A3DBA7411F49B5E70081719E /* AlertViewController+rx.swift in Sources */ = {isa = PBXBuildFile; fileRef = A3DBA7401F49B5E70081719E /* AlertViewController+rx.swift */; };
		A3DBA7421F49B5E70081719E /* AlertViewController+rx.swift in Sources */ = {isa = PBXBuildFile; fileRef = A3DBA7401F49B5E70081719E /* AlertViewController+rx.swift */; };
		A3DBA7441F4AF47B0081719E /* UIImage+Extension.swift in Sources */ = {isa = PBXBuildFile; fileRef = A3DBA7431F4AF47B0081719E /* UIImage+Extension.swift */; };
		A3DBA7451F4AF47B0081719E /* UIImage+Extension.swift in Sources */ = {isa = PBXBuildFile; fileRef = A3DBA7431F4AF47B0081719E /* UIImage+Extension.swift */; };
		C34EADD0DCB40E3A2EB57D3A /* Pods_RxPhotoViewerTests.framework in Frameworks */ = {isa = PBXBuildFile; fileRef = 649952A408EF6CA7510DB1B1 /* Pods_RxPhotoViewerTests.framework */; };
		F2E35895767B01D9BA178C87 /* Pods_RxPhotoViewerUITests.framework in Frameworks */ = {isa = PBXBuildFile; fileRef = C6C577F102C876087BFCE178 /* Pods_RxPhotoViewerUITests.framework */; };
/* End PBXBuildFile section */

/* Begin PBXContainerItemProxy section */
		A30A76F41F499E3100287FC2 /* PBXContainerItemProxy */ = {
			isa = PBXContainerItemProxy;
			containerPortal = A30A76D71F499E3100287FC2 /* Project object */;
			proxyType = 1;
			remoteGlobalIDString = A30A76DE1F499E3100287FC2;
			remoteInfo = RxPhotoViewer;
		};
		A30A76FF1F499E3100287FC2 /* PBXContainerItemProxy */ = {
			isa = PBXContainerItemProxy;
			containerPortal = A30A76D71F499E3100287FC2 /* Project object */;
			proxyType = 1;
			remoteGlobalIDString = A30A76DE1F499E3100287FC2;
			remoteInfo = RxPhotoViewer;
		};
/* End PBXContainerItemProxy section */

/* Begin PBXFileReference section */
		15200A0BBA96D126DF6C1656 /* Pods_RxPhotoViewer.framework */ = {isa = PBXFileReference; explicitFileType = wrapper.framework; includeInIndex = 0; path = Pods_RxPhotoViewer.framework; sourceTree = BUILT_PRODUCTS_DIR; };
		567B556D577B81E3B2136003 /* Pods-RxPhotoViewerTests.release.xcconfig */ = {isa = PBXFileReference; includeInIndex = 1; lastKnownFileType = text.xcconfig; name = "Pods-RxPhotoViewerTests.release.xcconfig"; path = "../Pods/Target Support Files/Pods-RxPhotoViewerTests/Pods-RxPhotoViewerTests.release.xcconfig"; sourceTree = "<group>"; };
		649952A408EF6CA7510DB1B1 /* Pods_RxPhotoViewerTests.framework */ = {isa = PBXFileReference; explicitFileType = wrapper.framework; includeInIndex = 0; path = Pods_RxPhotoViewerTests.framework; sourceTree = BUILT_PRODUCTS_DIR; };
		6CF2092AD940554815ACEFE5 /* Pods-RxPhotoViewerTests.debug.xcconfig */ = {isa = PBXFileReference; includeInIndex = 1; lastKnownFileType = text.xcconfig; name = "Pods-RxPhotoViewerTests.debug.xcconfig"; path = "../Pods/Target Support Files/Pods-RxPhotoViewerTests/Pods-RxPhotoViewerTests.debug.xcconfig"; sourceTree = "<group>"; };
		86146FCC22B65DDB007F8FAF /* en */ = {isa = PBXFileReference; lastKnownFileType = text.plist.strings; name = en; path = en.lproj/Main.strings; sourceTree = "<group>"; };
		9D3BE9247693EED6DDCDE13E /* Pods-RxPhotoViewer.debug.xcconfig */ = {isa = PBXFileReference; includeInIndex = 1; lastKnownFileType = text.xcconfig; name = "Pods-RxPhotoViewer.debug.xcconfig"; path = "../Pods/Target Support Files/Pods-RxPhotoViewer/Pods-RxPhotoViewer.debug.xcconfig"; sourceTree = "<group>"; };
		A30A76DF1F499E3100287FC2 /* RxPhotoViewer.app */ = {isa = PBXFileReference; explicitFileType = wrapper.application; includeInIndex = 0; path = RxPhotoViewer.app; sourceTree = BUILT_PRODUCTS_DIR; };
		A30A76E21F499E3100287FC2 /* AppDelegate.swift */ = {isa = PBXFileReference; lastKnownFileType = sourcecode.swift; path = AppDelegate.swift; sourceTree = "<group>"; };
		A30A76E71F499E3100287FC2 /* Base */ = {isa = PBXFileReference; lastKnownFileType = file.storyboard; name = Base; path = Base.lproj/Main.storyboard; sourceTree = "<group>"; };
		A30A76E91F499E3100287FC2 /* Assets.xcassets */ = {isa = PBXFileReference; lastKnownFileType = folder.assetcatalog; path = Assets.xcassets; sourceTree = "<group>"; };
		A30A76EC1F499E3100287FC2 /* Base */ = {isa = PBXFileReference; lastKnownFileType = file.storyboard; name = Base; path = Base.lproj/LaunchScreen.storyboard; sourceTree = "<group>"; };
		A30A76EE1F499E3100287FC2 /* Info.plist */ = {isa = PBXFileReference; lastKnownFileType = text.plist.xml; path = Info.plist; sourceTree = "<group>"; };
		A30A76F31F499E3100287FC2 /* RxPhotoViewerTests.xctest */ = {isa = PBXFileReference; explicitFileType = wrapper.cfbundle; includeInIndex = 0; path = RxPhotoViewerTests.xctest; sourceTree = BUILT_PRODUCTS_DIR; };
		A30A76F71F499E3100287FC2 /* RxPhotoViewerTests.swift */ = {isa = PBXFileReference; lastKnownFileType = sourcecode.swift; path = RxPhotoViewerTests.swift; sourceTree = "<group>"; };
		A30A76F91F499E3100287FC2 /* Info.plist */ = {isa = PBXFileReference; lastKnownFileType = text.plist.xml; path = Info.plist; sourceTree = "<group>"; };
		A30A76FE1F499E3100287FC2 /* RxPhotoViewerUITests.xctest */ = {isa = PBXFileReference; explicitFileType = wrapper.cfbundle; includeInIndex = 0; path = RxPhotoViewerUITests.xctest; sourceTree = BUILT_PRODUCTS_DIR; };
		A30A77021F499E3100287FC2 /* RxPhotoViewerUITests.swift */ = {isa = PBXFileReference; lastKnownFileType = sourcecode.swift; path = RxPhotoViewerUITests.swift; sourceTree = "<group>"; };
		A30A77041F499E3100287FC2 /* Info.plist */ = {isa = PBXFileReference; lastKnownFileType = text.plist.xml; path = Info.plist; sourceTree = "<group>"; };
		A3DBA7341F49B4EF0081719E /* RxViewController.swift */ = {isa = PBXFileReference; fileEncoding = 4; lastKnownFileType = sourcecode.swift; path = RxViewController.swift; sourceTree = "<group>"; };
		A3DBA7351F49B4EF0081719E /* RxPhotoWriter.swift */ = {isa = PBXFileReference; fileEncoding = 4; lastKnownFileType = sourcecode.swift; path = RxPhotoWriter.swift; sourceTree = "<group>"; };
		A3DBA73A1F49B5760081719E /* RxPhotoCollectionViewController.swift */ = {isa = PBXFileReference; fileEncoding = 4; lastKnownFileType = sourcecode.swift; path = RxPhotoCollectionViewController.swift; sourceTree = "<group>"; };
		A3DBA73D1F49B5BC0081719E /* PHPhotoLibrary+rx.swift */ = {isa = PBXFileReference; fileEncoding = 4; lastKnownFileType = sourcecode.swift; path = "PHPhotoLibrary+rx.swift"; sourceTree = "<group>"; };
		A3DBA7401F49B5E70081719E /* AlertViewController+rx.swift */ = {isa = PBXFileReference; fileEncoding = 4; lastKnownFileType = sourcecode.swift; path = "AlertViewController+rx.swift"; sourceTree = "<group>"; };
		A3DBA7431F4AF47B0081719E /* UIImage+Extension.swift */ = {isa = PBXFileReference; fileEncoding = 4; lastKnownFileType = sourcecode.swift; path = "UIImage+Extension.swift"; sourceTree = "<group>"; };
		C6C577F102C876087BFCE178 /* Pods_RxPhotoViewerUITests.framework */ = {isa = PBXFileReference; explicitFileType = wrapper.framework; includeInIndex = 0; path = Pods_RxPhotoViewerUITests.framework; sourceTree = BUILT_PRODUCTS_DIR; };
		E689CE1621A389424315993C /* Pods-RxPhotoViewer.release.xcconfig */ = {isa = PBXFileReference; includeInIndex = 1; lastKnownFileType = text.xcconfig; name = "Pods-RxPhotoViewer.release.xcconfig"; path = "../Pods/Target Support Files/Pods-RxPhotoViewer/Pods-RxPhotoViewer.release.xcconfig"; sourceTree = "<group>"; };
		F3FFABCC145FB712E96C6B71 /* Pods-RxPhotoViewerUITests.release.xcconfig */ = {isa = PBXFileReference; includeInIndex = 1; lastKnownFileType = text.xcconfig; name = "Pods-RxPhotoViewerUITests.release.xcconfig"; path = "../Pods/Target Support Files/Pods-RxPhotoViewerUITests/Pods-RxPhotoViewerUITests.release.xcconfig"; sourceTree = "<group>"; };
		F40D6740E5C1BE5B11D5C8C4 /* Pods-RxPhotoViewerUITests.debug.xcconfig */ = {isa = PBXFileReference; includeInIndex = 1; lastKnownFileType = text.xcconfig; name = "Pods-RxPhotoViewerUITests.debug.xcconfig"; path = "../Pods/Target Support Files/Pods-RxPhotoViewerUITests/Pods-RxPhotoViewerUITests.debug.xcconfig"; sourceTree = "<group>"; };
/* End PBXFileReference section */

/* Begin PBXFrameworksBuildPhase section */
		A30A76DC1F499E3100287FC2 /* Frameworks */ = {
			isa = PBXFrameworksBuildPhase;
			buildActionMask = 2147483647;
			files = (
				51DEFC81BEBB011F20D3B78E /* Pods_RxPhotoViewer.framework in Frameworks */,
			);
			runOnlyForDeploymentPostprocessing = 0;
		};
		A30A76F01F499E3100287FC2 /* Frameworks */ = {
			isa = PBXFrameworksBuildPhase;
			buildActionMask = 2147483647;
			files = (
				C34EADD0DCB40E3A2EB57D3A /* Pods_RxPhotoViewerTests.framework in Frameworks */,
			);
			runOnlyForDeploymentPostprocessing = 0;
		};
		A30A76FB1F499E3100287FC2 /* Frameworks */ = {
			isa = PBXFrameworksBuildPhase;
			buildActionMask = 2147483647;
			files = (
				F2E35895767B01D9BA178C87 /* Pods_RxPhotoViewerUITests.framework in Frameworks */,
			);
			runOnlyForDeploymentPostprocessing = 0;
		};
/* End PBXFrameworksBuildPhase section */

/* Begin PBXGroup section */
		A30A76D61F499E3100287FC2 = {
			isa = PBXGroup;
			children = (
				A30A76E11F499E3100287FC2 /* RxPhotoViewer */,
				A30A76F61F499E3100287FC2 /* RxPhotoViewerTests */,
				A30A77011F499E3100287FC2 /* RxPhotoViewerUITests */,
				A30A76E01F499E3100287FC2 /* Products */,
				C54188E831598146E87DEABE /* Pods */,
				D96776D2844E8C75A9998F02 /* Frameworks */,
			);
			sourceTree = "<group>";
		};
		A30A76E01F499E3100287FC2 /* Products */ = {
			isa = PBXGroup;
			children = (
				A30A76DF1F499E3100287FC2 /* RxPhotoViewer.app */,
				A30A76F31F499E3100287FC2 /* RxPhotoViewerTests.xctest */,
				A30A76FE1F499E3100287FC2 /* RxPhotoViewerUITests.xctest */,
			);
			name = Products;
			sourceTree = "<group>";
		};
		A30A76E11F499E3100287FC2 /* RxPhotoViewer */ = {
			isa = PBXGroup;
			children = (
				A30A76E21F499E3100287FC2 /* AppDelegate.swift */,
				A3DBA7341F49B4EF0081719E /* RxViewController.swift */,
				A3DBA73A1F49B5760081719E /* RxPhotoCollectionViewController.swift */,
				A3DBA7351F49B4EF0081719E /* RxPhotoWriter.swift */,
				A3DBA7401F49B5E70081719E /* AlertViewController+rx.swift */,
				A3DBA73D1F49B5BC0081719E /* PHPhotoLibrary+rx.swift */,
				A3DBA7431F4AF47B0081719E /* UIImage+Extension.swift */,
				A30A76E61F499E3100287FC2 /* Main.storyboard */,
				A30A76E91F499E3100287FC2 /* Assets.xcassets */,
				A30A76EB1F499E3100287FC2 /* LaunchScreen.storyboard */,
				A30A76EE1F499E3100287FC2 /* Info.plist */,
			);
			path = RxPhotoViewer;
			sourceTree = "<group>";
		};
		A30A76F61F499E3100287FC2 /* RxPhotoViewerTests */ = {
			isa = PBXGroup;
			children = (
				A30A76F71F499E3100287FC2 /* RxPhotoViewerTests.swift */,
				A30A76F91F499E3100287FC2 /* Info.plist */,
			);
			path = RxPhotoViewerTests;
			sourceTree = "<group>";
		};
		A30A77011F499E3100287FC2 /* RxPhotoViewerUITests */ = {
			isa = PBXGroup;
			children = (
				A30A77021F499E3100287FC2 /* RxPhotoViewerUITests.swift */,
				A30A77041F499E3100287FC2 /* Info.plist */,
			);
			path = RxPhotoViewerUITests;
			sourceTree = "<group>";
		};
		C54188E831598146E87DEABE /* Pods */ = {
			isa = PBXGroup;
			children = (
				9D3BE9247693EED6DDCDE13E /* Pods-RxPhotoViewer.debug.xcconfig */,
				E689CE1621A389424315993C /* Pods-RxPhotoViewer.release.xcconfig */,
				6CF2092AD940554815ACEFE5 /* Pods-RxPhotoViewerTests.debug.xcconfig */,
				567B556D577B81E3B2136003 /* Pods-RxPhotoViewerTests.release.xcconfig */,
				F40D6740E5C1BE5B11D5C8C4 /* Pods-RxPhotoViewerUITests.debug.xcconfig */,
				F3FFABCC145FB712E96C6B71 /* Pods-RxPhotoViewerUITests.release.xcconfig */,
			);
			name = Pods;
			sourceTree = "<group>";
		};
		D96776D2844E8C75A9998F02 /* Frameworks */ = {
			isa = PBXGroup;
			children = (
				15200A0BBA96D126DF6C1656 /* Pods_RxPhotoViewer.framework */,
				649952A408EF6CA7510DB1B1 /* Pods_RxPhotoViewerTests.framework */,
				C6C577F102C876087BFCE178 /* Pods_RxPhotoViewerUITests.framework */,
			);
			name = Frameworks;
			sourceTree = "<group>";
		};
/* End PBXGroup section */

/* Begin PBXNativeTarget section */
		A30A76DE1F499E3100287FC2 /* RxPhotoViewer */ = {
			isa = PBXNativeTarget;
			buildConfigurationList = A30A77071F499E3100287FC2 /* Build configuration list for PBXNativeTarget "RxPhotoViewer" */;
			buildPhases = (
				38ADF5D64EDC4B396C52AFE6 /* [CP] Check Pods Manifest.lock */,
				A30A76DB1F499E3100287FC2 /* Sources */,
				A30A76DC1F499E3100287FC2 /* Frameworks */,
				A30A76DD1F499E3100287FC2 /* Resources */,
				9B9767BF049F47D3ED1658EA /* [CP] Embed Pods Frameworks */,
			);
			buildRules = (
			);
			dependencies = (
			);
			name = RxPhotoViewer;
			productName = RxPhotoViewer;
			productReference = A30A76DF1F499E3100287FC2 /* RxPhotoViewer.app */;
			productType = "com.apple.product-type.application";
		};
		A30A76F21F499E3100287FC2 /* RxPhotoViewerTests */ = {
			isa = PBXNativeTarget;
			buildConfigurationList = A30A770A1F499E3100287FC2 /* Build configuration list for PBXNativeTarget "RxPhotoViewerTests" */;
			buildPhases = (
				4231B9F60FA550F9EF6A4AE0 /* [CP] Check Pods Manifest.lock */,
				A30A76EF1F499E3100287FC2 /* Sources */,
				A30A76F01F499E3100287FC2 /* Frameworks */,
				A30A76F11F499E3100287FC2 /* Resources */,
				EA4A4646740BB11BF2986AA5 /* [CP] Embed Pods Frameworks */,
			);
			buildRules = (
			);
			dependencies = (
				A30A76F51F499E3100287FC2 /* PBXTargetDependency */,
			);
			name = RxPhotoViewerTests;
			productName = RxPhotoViewerTests;
			productReference = A30A76F31F499E3100287FC2 /* RxPhotoViewerTests.xctest */;
			productType = "com.apple.product-type.bundle.unit-test";
		};
		A30A76FD1F499E3100287FC2 /* RxPhotoViewerUITests */ = {
			isa = PBXNativeTarget;
			buildConfigurationList = A30A770D1F499E3100287FC2 /* Build configuration list for PBXNativeTarget "RxPhotoViewerUITests" */;
			buildPhases = (
				42DAFD3AB2F0C32DD8FEB8F8 /* [CP] Check Pods Manifest.lock */,
				A30A76FA1F499E3100287FC2 /* Sources */,
				A30A76FB1F499E3100287FC2 /* Frameworks */,
				A30A76FC1F499E3100287FC2 /* Resources */,
				577B273A1215C98A57C8468C /* [CP] Embed Pods Frameworks */,
			);
			buildRules = (
			);
			dependencies = (
				A30A77001F499E3100287FC2 /* PBXTargetDependency */,
			);
			name = RxPhotoViewerUITests;
			productName = RxPhotoViewerUITests;
			productReference = A30A76FE1F499E3100287FC2 /* RxPhotoViewerUITests.xctest */;
			productType = "com.apple.product-type.bundle.ui-testing";
		};
/* End PBXNativeTarget section */

/* Begin PBXProject section */
		A30A76D71F499E3100287FC2 /* Project object */ = {
			isa = PBXProject;
			attributes = {
				LastSwiftUpdateCheck = 0820;
				LastUpgradeCheck = 1020;
				ORGANIZATIONNAME = "Md. Arafat Hossain zinuk";
				TargetAttributes = {
					A30A76DE1F499E3100287FC2 = {
						CreatedOnToolsVersion = 8.2.1;
						ProvisioningStyle = Automatic;
					};
					A30A76F21F499E3100287FC2 = {
						CreatedOnToolsVersion = 8.2.1;
						ProvisioningStyle = Automatic;
						TestTargetID = A30A76DE1F499E3100287FC2;
					};
					A30A76FD1F499E3100287FC2 = {
						CreatedOnToolsVersion = 8.2.1;
						ProvisioningStyle = Automatic;
						TestTargetID = A30A76DE1F499E3100287FC2;
					};
				};
			};
			buildConfigurationList = A30A76DA1F499E3100287FC2 /* Build configuration list for PBXProject "RxPhotoViewer" */;
			compatibilityVersion = "Xcode 3.2";
			developmentRegion = English;
			hasScannedForEncodings = 0;
			knownRegions = (
				English,
				en,
				Base,
			);
			mainGroup = A30A76D61F499E3100287FC2;
			productRefGroup = A30A76E01F499E3100287FC2 /* Products */;
			projectDirPath = "";
			projectRoot = "";
			targets = (
				A30A76DE1F499E3100287FC2 /* RxPhotoViewer */,
				A30A76F21F499E3100287FC2 /* RxPhotoViewerTests */,
				A30A76FD1F499E3100287FC2 /* RxPhotoViewerUITests */,
			);
		};
/* End PBXProject section */

/* Begin PBXResourcesBuildPhase section */
		A30A76DD1F499E3100287FC2 /* Resources */ = {
			isa = PBXResourcesBuildPhase;
			buildActionMask = 2147483647;
			files = (
				A30A76ED1F499E3100287FC2 /* LaunchScreen.storyboard in Resources */,
				A30A76EA1F499E3100287FC2 /* Assets.xcassets in Resources */,
				A30A76E81F499E3100287FC2 /* Main.storyboard in Resources */,
			);
			runOnlyForDeploymentPostprocessing = 0;
		};
		A30A76F11F499E3100287FC2 /* Resources */ = {
			isa = PBXResourcesBuildPhase;
			buildActionMask = 2147483647;
			files = (
			);
			runOnlyForDeploymentPostprocessing = 0;
		};
		A30A76FC1F499E3100287FC2 /* Resources */ = {
			isa = PBXResourcesBuildPhase;
			buildActionMask = 2147483647;
			files = (
			);
			runOnlyForDeploymentPostprocessing = 0;
		};
/* End PBXResourcesBuildPhase section */

/* Begin PBXShellScriptBuildPhase section */
		38ADF5D64EDC4B396C52AFE6 /* [CP] Check Pods Manifest.lock */ = {
			isa = PBXShellScriptBuildPhase;
			buildActionMask = 2147483647;
			files = (
			);
			inputPaths = (
				"${PODS_PODFILE_DIR_PATH}/Podfile.lock",
				"${PODS_ROOT}/Manifest.lock",
			);
			name = "[CP] Check Pods Manifest.lock";
			outputPaths = (
				"$(DERIVED_FILE_DIR)/Pods-RxPhotoViewer-checkManifestLockResult.txt",
			);
			runOnlyForDeploymentPostprocessing = 0;
			shellPath = /bin/sh;
			shellScript = "diff \"${PODS_PODFILE_DIR_PATH}/Podfile.lock\" \"${PODS_ROOT}/Manifest.lock\" > /dev/null\nif [ $? != 0 ] ; then\n    # print error to STDERR\n    echo \"error: The sandbox is not in sync with the Podfile.lock. Run 'pod install' or update your CocoaPods installation.\" >&2\n    exit 1\nfi\n# This output is used by Xcode 'outputs' to avoid re-running this script phase.\necho \"SUCCESS\" > \"${SCRIPT_OUTPUT_FILE_0}\"\n";
			showEnvVarsInLog = 0;
		};
		4231B9F60FA550F9EF6A4AE0 /* [CP] Check Pods Manifest.lock */ = {
			isa = PBXShellScriptBuildPhase;
			buildActionMask = 2147483647;
			files = (
			);
			inputPaths = (
				"${PODS_PODFILE_DIR_PATH}/Podfile.lock",
				"${PODS_ROOT}/Manifest.lock",
			);
			name = "[CP] Check Pods Manifest.lock";
			outputPaths = (
				"$(DERIVED_FILE_DIR)/Pods-RxPhotoViewerTests-checkManifestLockResult.txt",
			);
			runOnlyForDeploymentPostprocessing = 0;
			shellPath = /bin/sh;
			shellScript = "diff \"${PODS_PODFILE_DIR_PATH}/Podfile.lock\" \"${PODS_ROOT}/Manifest.lock\" > /dev/null\nif [ $? != 0 ] ; then\n    # print error to STDERR\n    echo \"error: The sandbox is not in sync with the Podfile.lock. Run 'pod install' or update your CocoaPods installation.\" >&2\n    exit 1\nfi\n# This output is used by Xcode 'outputs' to avoid re-running this script phase.\necho \"SUCCESS\" > \"${SCRIPT_OUTPUT_FILE_0}\"\n";
			showEnvVarsInLog = 0;
		};
		42DAFD3AB2F0C32DD8FEB8F8 /* [CP] Check Pods Manifest.lock */ = {
			isa = PBXShellScriptBuildPhase;
			buildActionMask = 2147483647;
			files = (
			);
			inputPaths = (
				"${PODS_PODFILE_DIR_PATH}/Podfile.lock",
				"${PODS_ROOT}/Manifest.lock",
			);
			name = "[CP] Check Pods Manifest.lock";
			outputPaths = (
				"$(DERIVED_FILE_DIR)/Pods-RxPhotoViewerUITests-checkManifestLockResult.txt",
			);
			runOnlyForDeploymentPostprocessing = 0;
			shellPath = /bin/sh;
			shellScript = "diff \"${PODS_PODFILE_DIR_PATH}/Podfile.lock\" \"${PODS_ROOT}/Manifest.lock\" > /dev/null\nif [ $? != 0 ] ; then\n    # print error to STDERR\n    echo \"error: The sandbox is not in sync with the Podfile.lock. Run 'pod install' or update your CocoaPods installation.\" >&2\n    exit 1\nfi\n# This output is used by Xcode 'outputs' to avoid re-running this script phase.\necho \"SUCCESS\" > \"${SCRIPT_OUTPUT_FILE_0}\"\n";
			showEnvVarsInLog = 0;
		};
		577B273A1215C98A57C8468C /* [CP] Embed Pods Frameworks */ = {
			isa = PBXShellScriptBuildPhase;
			buildActionMask = 2147483647;
			files = (
			);
			inputPaths = (
				"${SRCROOT}/../Pods/Target Support Files/Pods-RxPhotoViewerUITests/Pods-RxPhotoViewerUITests-frameworks.sh",
				"${BUILT_PRODUCTS_DIR}/RxSwift/RxSwift.framework",
			);
			name = "[CP] Embed Pods Frameworks";
			outputPaths = (
				"${TARGET_BUILD_DIR}/${FRAMEWORKS_FOLDER_PATH}/RxSwift.framework",
			);
			runOnlyForDeploymentPostprocessing = 0;
			shellPath = /bin/sh;
			shellScript = "\"${SRCROOT}/../Pods/Target Support Files/Pods-RxPhotoViewerUITests/Pods-RxPhotoViewerUITests-frameworks.sh\"\n";
			showEnvVarsInLog = 0;
		};
		9B9767BF049F47D3ED1658EA /* [CP] Embed Pods Frameworks */ = {
			isa = PBXShellScriptBuildPhase;
			buildActionMask = 2147483647;
			files = (
			);
			inputPaths = (
				"${SRCROOT}/../Pods/Target Support Files/Pods-RxPhotoViewer/Pods-RxPhotoViewer-frameworks.sh",
				"${BUILT_PRODUCTS_DIR}/RxSwift/RxSwift.framework",
			);
			name = "[CP] Embed Pods Frameworks";
			outputPaths = (
				"${TARGET_BUILD_DIR}/${FRAMEWORKS_FOLDER_PATH}/RxSwift.framework",
			);
			runOnlyForDeploymentPostprocessing = 0;
			shellPath = /bin/sh;
			shellScript = "\"${SRCROOT}/../Pods/Target Support Files/Pods-RxPhotoViewer/Pods-RxPhotoViewer-frameworks.sh\"\n";
			showEnvVarsInLog = 0;
		};
		EA4A4646740BB11BF2986AA5 /* [CP] Embed Pods Frameworks */ = {
			isa = PBXShellScriptBuildPhase;
			buildActionMask = 2147483647;
			files = (
			);
			inputPaths = (
				"${SRCROOT}/../Pods/Target Support Files/Pods-RxPhotoViewerTests/Pods-RxPhotoViewerTests-frameworks.sh",
				"${BUILT_PRODUCTS_DIR}/RxSwift/RxSwift.framework",
			);
			name = "[CP] Embed Pods Frameworks";
			outputPaths = (
				"${TARGET_BUILD_DIR}/${FRAMEWORKS_FOLDER_PATH}/RxSwift.framework",
			);
			runOnlyForDeploymentPostprocessing = 0;
			shellPath = /bin/sh;
			shellScript = "\"${SRCROOT}/../Pods/Target Support Files/Pods-RxPhotoViewerTests/Pods-RxPhotoViewerTests-frameworks.sh\"\n";
			showEnvVarsInLog = 0;
		};
/* End PBXShellScriptBuildPhase section */

/* Begin PBXSourcesBuildPhase section */
		A30A76DB1F499E3100287FC2 /* Sources */ = {
			isa = PBXSourcesBuildPhase;
			buildActionMask = 2147483647;
			files = (
				A3DBA7381F49B4EF0081719E /* RxPhotoWriter.swift in Sources */,
				A3DBA7441F4AF47B0081719E /* UIImage+Extension.swift in Sources */,
				A3DBA73E1F49B5BC0081719E /* PHPhotoLibrary+rx.swift in Sources */,
				A3DBA73B1F49B5760081719E /* RxPhotoCollectionViewController.swift in Sources */,
				A3DBA7411F49B5E70081719E /* AlertViewController+rx.swift in Sources */,
				A3DBA7361F49B4EF0081719E /* RxViewController.swift in Sources */,
				A30A76E31F499E3100287FC2 /* AppDelegate.swift in Sources */,
			);
			runOnlyForDeploymentPostprocessing = 0;
		};
		A30A76EF1F499E3100287FC2 /* Sources */ = {
			isa = PBXSourcesBuildPhase;
			buildActionMask = 2147483647;
			files = (
				A30A76F81F499E3100287FC2 /* RxPhotoViewerTests.swift in Sources */,
			);
			runOnlyForDeploymentPostprocessing = 0;
		};
		A30A76FA1F499E3100287FC2 /* Sources */ = {
			isa = PBXSourcesBuildPhase;
			buildActionMask = 2147483647;
			files = (
				A3DBA7391F49B4EF0081719E /* RxPhotoWriter.swift in Sources */,
				A3DBA7451F4AF47B0081719E /* UIImage+Extension.swift in Sources */,
				A3DBA73F1F49B5BC0081719E /* PHPhotoLibrary+rx.swift in Sources */,
				A3DBA73C1F49B5760081719E /* RxPhotoCollectionViewController.swift in Sources */,
				A3DBA7421F49B5E70081719E /* AlertViewController+rx.swift in Sources */,
				A3DBA7371F49B4EF0081719E /* RxViewController.swift in Sources */,
				A30A77031F499E3100287FC2 /* RxPhotoViewerUITests.swift in Sources */,
			);
			runOnlyForDeploymentPostprocessing = 0;
		};
/* End PBXSourcesBuildPhase section */

/* Begin PBXTargetDependency section */
		A30A76F51F499E3100287FC2 /* PBXTargetDependency */ = {
			isa = PBXTargetDependency;
			target = A30A76DE1F499E3100287FC2 /* RxPhotoViewer */;
			targetProxy = A30A76F41F499E3100287FC2 /* PBXContainerItemProxy */;
		};
		A30A77001F499E3100287FC2 /* PBXTargetDependency */ = {
			isa = PBXTargetDependency;
			target = A30A76DE1F499E3100287FC2 /* RxPhotoViewer */;
			targetProxy = A30A76FF1F499E3100287FC2 /* PBXContainerItemProxy */;
		};
/* End PBXTargetDependency section */

/* Begin PBXVariantGroup section */
		A30A76E61F499E3100287FC2 /* Main.storyboard */ = {
			isa = PBXVariantGroup;
			children = (
				A30A76E71F499E3100287FC2 /* Base */,
				86146FCC22B65DDB007F8FAF /* en */,
			);
			name = Main.storyboard;
			sourceTree = "<group>";
		};
		A30A76EB1F499E3100287FC2 /* LaunchScreen.storyboard */ = {
			isa = PBXVariantGroup;
			children = (
				A30A76EC1F499E3100287FC2 /* Base */,
			);
			name = LaunchScreen.storyboard;
			sourceTree = "<group>";
		};
/* End PBXVariantGroup section */

/* Begin XCBuildConfiguration section */
		A30A77051F499E3100287FC2 /* Debug */ = {
			isa = XCBuildConfiguration;
			buildSettings = {
				ALWAYS_SEARCH_USER_PATHS = NO;
				CLANG_ANALYZER_LOCALIZABILITY_NONLOCALIZED = YES;
				CLANG_ANALYZER_NONNULL = YES;
				CLANG_CXX_LANGUAGE_STANDARD = "gnu++0x";
				CLANG_CXX_LIBRARY = "libc++";
				CLANG_ENABLE_MODULES = YES;
				CLANG_ENABLE_OBJC_ARC = YES;
				CLANG_WARN_BLOCK_CAPTURE_AUTORELEASING = YES;
				CLANG_WARN_BOOL_CONVERSION = YES;
				CLANG_WARN_COMMA = YES;
				CLANG_WARN_CONSTANT_CONVERSION = YES;
				CLANG_WARN_DEPRECATED_OBJC_IMPLEMENTATIONS = YES;
				CLANG_WARN_DIRECT_OBJC_ISA_USAGE = YES_ERROR;
				CLANG_WARN_DOCUMENTATION_COMMENTS = YES;
				CLANG_WARN_EMPTY_BODY = YES;
				CLANG_WARN_ENUM_CONVERSION = YES;
				CLANG_WARN_INFINITE_RECURSION = YES;
				CLANG_WARN_INT_CONVERSION = YES;
				CLANG_WARN_NON_LITERAL_NULL_CONVERSION = YES;
				CLANG_WARN_OBJC_IMPLICIT_RETAIN_SELF = YES;
				CLANG_WARN_OBJC_LITERAL_CONVERSION = YES;
				CLANG_WARN_OBJC_ROOT_CLASS = YES_ERROR;
				CLANG_WARN_RANGE_LOOP_ANALYSIS = YES;
				CLANG_WARN_STRICT_PROTOTYPES = YES;
				CLANG_WARN_SUSPICIOUS_MOVE = YES;
				CLANG_WARN_UNREACHABLE_CODE = YES;
				CLANG_WARN__DUPLICATE_METHOD_MATCH = YES;
				"CODE_SIGN_IDENTITY[sdk=iphoneos*]" = "iPhone Developer";
				COPY_PHASE_STRIP = NO;
				DEBUG_INFORMATION_FORMAT = dwarf;
				ENABLE_STRICT_OBJC_MSGSEND = YES;
				ENABLE_TESTABILITY = YES;
				GCC_C_LANGUAGE_STANDARD = gnu99;
				GCC_DYNAMIC_NO_PIC = NO;
				GCC_NO_COMMON_BLOCKS = YES;
				GCC_OPTIMIZATION_LEVEL = 0;
				GCC_PREPROCESSOR_DEFINITIONS = (
					"DEBUG=1",
					"$(inherited)",
				);
				GCC_WARN_64_TO_32_BIT_CONVERSION = YES;
				GCC_WARN_ABOUT_RETURN_TYPE = YES_ERROR;
				GCC_WARN_UNDECLARED_SELECTOR = YES;
				GCC_WARN_UNINITIALIZED_AUTOS = YES_AGGRESSIVE;
				GCC_WARN_UNUSED_FUNCTION = YES;
				GCC_WARN_UNUSED_VARIABLE = YES;
				IPHONEOS_DEPLOYMENT_TARGET = 10.2;
				MTL_ENABLE_DEBUG_INFO = YES;
				ONLY_ACTIVE_ARCH = YES;
				SDKROOT = iphoneos;
				SWIFT_ACTIVE_COMPILATION_CONDITIONS = DEBUG;
				SWIFT_OPTIMIZATION_LEVEL = "-Onone";
			};
			name = Debug;
		};
		A30A77061F499E3100287FC2 /* Release */ = {
			isa = XCBuildConfiguration;
			buildSettings = {
				ALWAYS_SEARCH_USER_PATHS = NO;
				CLANG_ANALYZER_LOCALIZABILITY_NONLOCALIZED = YES;
				CLANG_ANALYZER_NONNULL = YES;
				CLANG_CXX_LANGUAGE_STANDARD = "gnu++0x";
				CLANG_CXX_LIBRARY = "libc++";
				CLANG_ENABLE_MODULES = YES;
				CLANG_ENABLE_OBJC_ARC = YES;
				CLANG_WARN_BLOCK_CAPTURE_AUTORELEASING = YES;
				CLANG_WARN_BOOL_CONVERSION = YES;
				CLANG_WARN_COMMA = YES;
				CLANG_WARN_CONSTANT_CONVERSION = YES;
				CLANG_WARN_DEPRECATED_OBJC_IMPLEMENTATIONS = YES;
				CLANG_WARN_DIRECT_OBJC_ISA_USAGE = YES_ERROR;
				CLANG_WARN_DOCUMENTATION_COMMENTS = YES;
				CLANG_WARN_EMPTY_BODY = YES;
				CLANG_WARN_ENUM_CONVERSION = YES;
				CLANG_WARN_INFINITE_RECURSION = YES;
				CLANG_WARN_INT_CONVERSION = YES;
				CLANG_WARN_NON_LITERAL_NULL_CONVERSION = YES;
				CLANG_WARN_OBJC_IMPLICIT_RETAIN_SELF = YES;
				CLANG_WARN_OBJC_LITERAL_CONVERSION = YES;
				CLANG_WARN_OBJC_ROOT_CLASS = YES_ERROR;
				CLANG_WARN_RANGE_LOOP_ANALYSIS = YES;
				CLANG_WARN_STRICT_PROTOTYPES = YES;
				CLANG_WARN_SUSPICIOUS_MOVE = YES;
				CLANG_WARN_UNREACHABLE_CODE = YES;
				CLANG_WARN__DUPLICATE_METHOD_MATCH = YES;
				"CODE_SIGN_IDENTITY[sdk=iphoneos*]" = "iPhone Developer";
				COPY_PHASE_STRIP = NO;
				DEBUG_INFORMATION_FORMAT = "dwarf-with-dsym";
				ENABLE_NS_ASSERTIONS = NO;
				ENABLE_STRICT_OBJC_MSGSEND = YES;
				GCC_C_LANGUAGE_STANDARD = gnu99;
				GCC_NO_COMMON_BLOCKS = YES;
				GCC_WARN_64_TO_32_BIT_CONVERSION = YES;
				GCC_WARN_ABOUT_RETURN_TYPE = YES_ERROR;
				GCC_WARN_UNDECLARED_SELECTOR = YES;
				GCC_WARN_UNINITIALIZED_AUTOS = YES_AGGRESSIVE;
				GCC_WARN_UNUSED_FUNCTION = YES;
				GCC_WARN_UNUSED_VARIABLE = YES;
				IPHONEOS_DEPLOYMENT_TARGET = 10.2;
				MTL_ENABLE_DEBUG_INFO = NO;
				SDKROOT = iphoneos;
				SWIFT_OPTIMIZATION_LEVEL = "-Owholemodule";
				VALIDATE_PRODUCT = YES;
			};
			name = Release;
		};
		A30A77081F499E3100287FC2 /* Debug */ = {
			isa = XCBuildConfiguration;
			baseConfigurationReference = 9D3BE9247693EED6DDCDE13E /* Pods-RxPhotoViewer.debug.xcconfig */;
			buildSettings = {
				ALWAYS_EMBED_SWIFT_STANDARD_LIBRARIES = "$(inherited)";
				ASSETCATALOG_COMPILER_APPICON_NAME = AppIcon;
				INFOPLIST_FILE = RxPhotoViewer/Info.plist;
				IPHONEOS_DEPLOYMENT_TARGET = 12.0;
				LD_RUNPATH_SEARCH_PATHS = "$(inherited) @executable_path/Frameworks";
				PRODUCT_BUNDLE_IDENTIFIER = "Arafat-Company.RxPhotoViewer";
				PRODUCT_NAME = "$(TARGET_NAME)";
				SWIFT_VERSION = 5.0;
			};
			name = Debug;
		};
		A30A77091F499E3100287FC2 /* Release */ = {
			isa = XCBuildConfiguration;
			baseConfigurationReference = E689CE1621A389424315993C /* Pods-RxPhotoViewer.release.xcconfig */;
			buildSettings = {
				ALWAYS_EMBED_SWIFT_STANDARD_LIBRARIES = "$(inherited)";
				ASSETCATALOG_COMPILER_APPICON_NAME = AppIcon;
				INFOPLIST_FILE = RxPhotoViewer/Info.plist;
				IPHONEOS_DEPLOYMENT_TARGET = 12.0;
				LD_RUNPATH_SEARCH_PATHS = "$(inherited) @executable_path/Frameworks";
				PRODUCT_BUNDLE_IDENTIFIER = "Arafat-Company.RxPhotoViewer";
				PRODUCT_NAME = "$(TARGET_NAME)";
				SWIFT_VERSION = 5.0;
			};
			name = Release;
		};
		A30A770B1F499E3100287FC2 /* Debug */ = {
			isa = XCBuildConfiguration;
			baseConfigurationReference = 6CF2092AD940554815ACEFE5 /* Pods-RxPhotoViewerTests.debug.xcconfig */;
			buildSettings = {
				ALWAYS_EMBED_SWIFT_STANDARD_LIBRARIES = "$(inherited)";
				BUNDLE_LOADER = "$(TEST_HOST)";
				INFOPLIST_FILE = RxPhotoViewerTests/Info.plist;
				LD_RUNPATH_SEARCH_PATHS = "$(inherited) @executable_path/Frameworks @loader_path/Frameworks";
				PRODUCT_BUNDLE_IDENTIFIER = "Arafat-Company.RxPhotoViewerTests";
				PRODUCT_NAME = "$(TARGET_NAME)";
				SWIFT_VERSION = 5.0;
				TEST_HOST = "$(BUILT_PRODUCTS_DIR)/RxPhotoViewer.app/RxPhotoViewer";
			};
			name = Debug;
		};
		A30A770C1F499E3100287FC2 /* Release */ = {
			isa = XCBuildConfiguration;
			baseConfigurationReference = 567B556D577B81E3B2136003 /* Pods-RxPhotoViewerTests.release.xcconfig */;
			buildSettings = {
				ALWAYS_EMBED_SWIFT_STANDARD_LIBRARIES = "$(inherited)";
				BUNDLE_LOADER = "$(TEST_HOST)";
				INFOPLIST_FILE = RxPhotoViewerTests/Info.plist;
				LD_RUNPATH_SEARCH_PATHS = "$(inherited) @executable_path/Frameworks @loader_path/Frameworks";
				PRODUCT_BUNDLE_IDENTIFIER = "Arafat-Company.RxPhotoViewerTests";
				PRODUCT_NAME = "$(TARGET_NAME)";
				SWIFT_VERSION = 5.0;
				TEST_HOST = "$(BUILT_PRODUCTS_DIR)/RxPhotoViewer.app/RxPhotoViewer";
			};
			name = Release;
		};
		A30A770E1F499E3100287FC2 /* Debug */ = {
			isa = XCBuildConfiguration;
			baseConfigurationReference = F40D6740E5C1BE5B11D5C8C4 /* Pods-RxPhotoViewerUITests.debug.xcconfig */;
			buildSettings = {
				ALWAYS_EMBED_SWIFT_STANDARD_LIBRARIES = "$(inherited)";
				INFOPLIST_FILE = RxPhotoViewerUITests/Info.plist;
				LD_RUNPATH_SEARCH_PATHS = "$(inherited) @executable_path/Frameworks @loader_path/Frameworks";
				PRODUCT_BUNDLE_IDENTIFIER = "Arafat-Company.RxPhotoViewerUITests";
				PRODUCT_NAME = "$(TARGET_NAME)";
				SWIFT_VERSION = 5.0;
				TEST_TARGET_NAME = RxPhotoViewer;
			};
			name = Debug;
		};
		A30A770F1F499E3100287FC2 /* Release */ = {
			isa = XCBuildConfiguration;
			baseConfigurationReference = F3FFABCC145FB712E96C6B71 /* Pods-RxPhotoViewerUITests.release.xcconfig */;
			buildSettings = {
				ALWAYS_EMBED_SWIFT_STANDARD_LIBRARIES = "$(inherited)";
				INFOPLIST_FILE = RxPhotoViewerUITests/Info.plist;
				LD_RUNPATH_SEARCH_PATHS = "$(inherited) @executable_path/Frameworks @loader_path/Frameworks";
				PRODUCT_BUNDLE_IDENTIFIER = "Arafat-Company.RxPhotoViewerUITests";
				PRODUCT_NAME = "$(TARGET_NAME)";
				SWIFT_VERSION = 5.0;
				TEST_TARGET_NAME = RxPhotoViewer;
			};
			name = Release;
		};
/* End XCBuildConfiguration section */

/* Begin XCConfigurationList section */
		A30A76DA1F499E3100287FC2 /* Build configuration list for PBXProject "RxPhotoViewer" */ = {
			isa = XCConfigurationList;
			buildConfigurations = (
				A30A77051F499E3100287FC2 /* Debug */,
				A30A77061F499E3100287FC2 /* Release */,
			);
			defaultConfigurationIsVisible = 0;
			defaultConfigurationName = Release;
		};
		A30A77071F499E3100287FC2 /* Build configuration list for PBXNativeTarget "RxPhotoViewer" */ = {
			isa = XCConfigurationList;
			buildConfigurations = (
				A30A77081F499E3100287FC2 /* Debug */,
				A30A77091F499E3100287FC2 /* Release */,
			);
			defaultConfigurationIsVisible = 0;
			defaultConfigurationName = Release;
		};
		A30A770A1F499E3100287FC2 /* Build configuration list for PBXNativeTarget "RxPhotoViewerTests" */ = {
			isa = XCConfigurationList;
			buildConfigurations = (
				A30A770B1F499E3100287FC2 /* Debug */,
				A30A770C1F499E3100287FC2 /* Release */,
			);
			defaultConfigurationIsVisible = 0;
			defaultConfigurationName = Release;
		};
		A30A770D1F499E3100287FC2 /* Build configuration list for PBXNativeTarget "RxPhotoViewerUITests" */ = {
			isa = XCConfigurationList;
			buildConfigurations = (
				A30A770E1F499E3100287FC2 /* Debug */,
				A30A770F1F499E3100287FC2 /* Release */,
			);
			defaultConfigurationIsVisible = 0;
			defaultConfigurationName = Release;
		};
/* End XCConfigurationList section */
	};
	rootObject = A30A76D71F499E3100287FC2 /* Project object */;
}
